
Microsoft Visual Studio Solution File, Format Version 12.00
# Visual Studio Version 17
VisualStudioVersion = 17.0.31903.59
MinimumVisualStudioVersion = 10.0.40219.1
Project("{2150E333-8FDC-42A3-9474-1A3956D46DE8}") = "src", "src", "{CF11EFAA-C211-49A3-9C8F-A5FED3228087}"
EndProject
Project("{FAE04EC0-301F-11D3-BF4B-00C04F79EFBC}") = "Lab03", "src\Lab03\Lab03.csproj", "{09803D27-D8C3-4761-BB43-84B8EAD79C95}"
EndProject
Project("{2150E333-8FDC-42A3-9474-1A3956D46DE8}") = "tests", "tests", "{CDFBA8D1-9E96-4E35-914E-D0219B103C03}"
EndProject
Project("{FAE04EC0-301F-11D3-BF4B-00C04F79EFBC}") = "Lab03.Tests", "tests\Lab03.Tests\Lab03.Tests.csproj", "{D9221070-8779-4281-BAE1-64361B7BC97F}"
EndProject
Global
	GlobalSection(SolutionConfigurationPlatforms) = preSolution
		Debug|Any CPU = Debug|Any CPU
		Release|Any CPU = Release|Any CPU
	EndGlobalSection
	GlobalSection(SolutionProperties) = preSolution
		HideSolutionNode = FALSE
	EndGlobalSection
	GlobalSection(ProjectConfigurationPlatforms) = postSolution
		{09803D27-D8C3-4761-BB43-84B8EAD79C95}.Debug|Any CPU.ActiveCfg = Debug|Any CPU
		{09803D27-D8C3-4761-BB43-84B8EAD79C95}.Debug|Any CPU.Build.0 = Debug|Any CPU
		{09803D27-D8C3-4761-BB43-84B8EAD79C95}.Release|Any CPU.ActiveCfg = Release|Any CPU
		{09803D27-D8C3-4761-BB43-84B8EAD79C95}.Release|Any CPU.Build.0 = Release|Any CPU
		{D9221070-8779-4281-BAE1-64361B7BC97F}.Debug|Any CPU.ActiveCfg = Debug|Any CPU
		{D9221070-8779-4281-BAE1-64361B7BC97F}.Debug|Any CPU.Build.0 = Debug|Any CPU
		{D9221070-8779-4281-BAE1-64361B7BC97F}.Release|Any CPU.ActiveCfg = Release|Any CPU
		{D9221070-8779-4281-BAE1-64361B7BC97F}.Release|Any CPU.Build.0 = Release|Any CPU
	EndGlobalSection
	GlobalSection(NestedProjects) = preSolution
		{09803D27-D8C3-4761-BB43-84B8EAD79C95} = {CF11EFAA-C211-49A3-9C8F-A5FED3228087}
		{D9221070-8779-4281-BAE1-64361B7BC97F} = {CDFBA8D1-9E96-4E35-914E-D0219B103C03}
	EndGlobalSection
EndGlobal
